
Microsoft Visual Studio Solution File, Format Version 12.00
# Visual Studio Version 16
VisualStudioVersion = 16.0.31205.134
MinimumVisualStudioVersion = 10.0.40219.1
Project("{FAE04EC0-301F-11D3-BF4B-00C04F79EFBC}") = "fukuvhensu", "fukuvhensu\fukuvhensu.csproj", "{5823D51D-71AF-4829-9DF0-6A736CC9679C}"
EndProject
Global
	GlobalSection(SolutionConfigurationPlatforms) = preSolution
		Debug|Any CPU = Debug|Any CPU
		Release|Any CPU = Release|Any CPU
	EndGlobalSection
	GlobalSection(ProjectConfigurationPlatforms) = postSolution
		{5823D51D-71AF-4829-9DF0-6A736CC9679C}.Debug|Any CPU.ActiveCfg = Debug|Any CPU
		{5823D51D-71AF-4829-9DF0-6A736CC9679C}.Debug|Any CPU.Build.0 = Debug|Any CPU
		{5823D51D-71AF-4829-9DF0-6A736CC9679C}.Release|Any CPU.ActiveCfg = Release|Any CPU
		{5823D51D-71AF-4829-9DF0-6A736CC9679C}.Release|Any CPU.Build.0 = Release|Any CPU
	EndGlobalSection
	GlobalSection(SolutionProperties) = preSolution
		HideSolutionNode = FALSE
	EndGlobalSection
	GlobalSection(ExtensibilityGlobals) = postSolution
		SolutionGuid = {189C6413-FE1A-4936-A557-1066B571E2CB}
	EndGlobalSection
EndGlobal
